
Microsoft Visual Studio Solution File, Format Version 12.00
# Visual Studio Version 16
VisualStudioVersion = 25.0.1706.7
MinimumVisualStudioVersion = 10.0.40219.1
Project("{FAE04EC0-301F-11D3-BF4B-00C04F79EFBC}") = "SztukaNaWidoku", "SztukaNaWidoku\SztukaNaWidoku.csproj", "{28363D0E-122D-4B22-A43E-1C98F844BD99}"
EndProject
Global
	GlobalSection(SolutionConfigurationPlatforms) = preSolution
		Debug|Any CPU = Debug|Any CPU
		Release|Any CPU = Release|Any CPU
	EndGlobalSection
	GlobalSection(ProjectConfigurationPlatforms) = postSolution
		{28363D0E-122D-4B22-A43E-1C98F844BD99}.Debug|Any CPU.ActiveCfg = Debug|Any CPU
		{28363D0E-122D-4B22-A43E-1C98F844BD99}.Debug|Any CPU.Build.0 = Debug|Any CPU
		{28363D0E-122D-4B22-A43E-1C98F844BD99}.Release|Any CPU.ActiveCfg = Release|Any CPU
		{28363D0E-122D-4B22-A43E-1C98F844BD99}.Release|Any CPU.Build.0 = Release|Any CPU
	EndGlobalSection
	GlobalSection(SolutionProperties) = preSolution
		HideSolutionNode = FALSE
	EndGlobalSection
	GlobalSection(ExtensibilityGlobals) = postSolution
		SolutionGuid = {8BF7BD04-FEED-4D70-935A-1111C3E7A48E}
	EndGlobalSection
EndGlobal
